
Microsoft Visual Studio Solution File, Format Version 12.00
# Visual Studio Version 17
VisualStudioVersion = 17.0.31919.166
MinimumVisualStudioVersion = 10.0.40219.1
Project("{FAE04EC0-301F-11D3-BF4B-00C04F79EFBC}") = "Zeichnen", "Zeichnen\Zeichnen.csproj", "{C0E93FC9-3C15-48D8-BDBB-4FB27D93EC0E}"
EndProject
Global
	GlobalSection(SolutionConfigurationPlatforms) = preSolution
		Debug|Any CPU = Debug|Any CPU
		Release|Any CPU = Release|Any CPU
	EndGlobalSection
	GlobalSection(ProjectConfigurationPlatforms) = postSolution
		{C0E93FC9-3C15-48D8-BDBB-4FB27D93EC0E}.Debug|Any CPU.ActiveCfg = Debug|Any CPU
		{C0E93FC9-3C15-48D8-BDBB-4FB27D93EC0E}.Debug|Any CPU.Build.0 = Debug|Any CPU
		{C0E93FC9-3C15-48D8-BDBB-4FB27D93EC0E}.Release|Any CPU.ActiveCfg = Release|Any CPU
		{C0E93FC9-3C15-48D8-BDBB-4FB27D93EC0E}.Release|Any CPU.Build.0 = Release|Any CPU
	EndGlobalSection
	GlobalSection(SolutionProperties) = preSolution
		HideSolutionNode = FALSE
	EndGlobalSection
	GlobalSection(ExtensibilityGlobals) = postSolution
		SolutionGuid = {22777648-9E52-4D38-9640-0D6E2ACBDACC}
	EndGlobalSection
EndGlobal
